<?xml version="1.0" encoding="UTF-8" standalone="yes" ?>
<CodeBlocks_project_file>
	<FileVersion major="1" minor="6" />
	<Project>
		<Option title="Adopte-un-poumon" />
		<Option pch_mode="2" />
		<Option compiler="gcc" />
		<Build>
			<Target title="Debug">
				<Option output="bin/Debug/Adopte-un-poumon" prefix_auto="1" extension_auto="1" />
				<Option object_output="obj/Debug/" />
				<Option type="1" />
				<Option compiler="gcc" />
				<Compiler>
					<Add option="-g" />
				</Compiler>
			</Target>
			<Target title="Release">
				<Option output="bin/Release/Adopte-un-poumon" prefix_auto="1" extension_auto="1" />
				<Option object_output="obj/Release/" />
				<Option type="0" />
				<Option compiler="gcc" />
				<Compiler>
					<Add option="-O2" />
				</Compiler>
				<Linker>
					<Add option="-s" />
				</Linker>
			</Target>
		</Build>
		<Compiler>
			<Add option="-Wall" />
			<Add option="-mms-bitfields" />
		</Compiler>
		<Linker>
			<Add library="glib-2.0" />
			<Add library="pangocairo-1.0" />
			<Add library="pangowin32-1.0" />
			<Add library="atk-1.0" />
			<Add library="gdk_pixbuf-2.0" />
			<Add library="gdk-win32-2.0" />
			<Add library="pango-1.0" />
			<Add library="gmodule-2.0" />
			<Add library="gobject-2.0" />
			<Add library="gthread-2.0" />
			<Add library="gtk-win32-2.0" />
			<Add library="cairo" />
			<Add library="gdi32" />
			<Add library="user32" />
			<Add library="kernel32" />
			<Add library="comctl32" />
			<Add library="../../../../../../Program Files (x86)/CodeBlocks/MinGW/lib/libmysqlclient.a" />
		</Linker>
		<Unit filename="functions/Bloodtype_functions.c">
			<Option compilerVar="CC" />
		</Unit>
		<Unit filename="functions/Bloodtype_header.h" />
		<Unit filename="functions/CPT_functions.c">
			<Option compilerVar="CC" />
		</Unit>
		<Unit filename="functions/CPT_header.h" />
		<Unit filename="functions/Graphical_functions.c">
			<Option compilerVar="CC" />
		</Unit>
		<Unit filename="functions/Graphical_header.h" />
		<Unit filename="functions/addPatient_functions.c">
			<Option compilerVar="CC" />
		</Unit>
		<Unit filename="functions/addPatients_header.h" />
		<Unit filename="functions/config_files.c">
			<Option compilerVar="CC" />
		</Unit>
		<Unit filename="functions/config_files.h" />
		<Unit filename="functions/zerogets.c">
			<Option compilerVar="CC" />
		</Unit>
		<Unit filename="functions/zerogets.h" />
		<Unit filename="main.c">
			<Option compilerVar="CC" />
		</Unit>
		<Unit filename="main.h" />
		<Extensions>
			<code_completion />
			<envvars />
			<debugger />
			<lib_finder disable_auto="1" />
		</Extensions>
	</Project>
</CodeBlocks_project_file>
